
Microsoft Visual Studio Solution File, Format Version 10.00
# Visual Studio 2008
Project("{8BC9CEB8-8B4A-11D0-8D11-00A0C91BC942}") = "example", "example.vcproj", "{00765F0C-D3F0-43D0-A49C-73E50F0A1364}"
EndProject
Project("{FAE04EC0-301F-11D3-BF4B-00C04F79EFBC}") = "runme_csharp", "runme_csharp.csproj", "{83C86DAE-68E9-4674-8CAE-3E29D35DC426}"
	ProjectSection(ProjectDependencies) = postProject
		{CEAAFFE1-ED9F-4663-A61F-7C1DB8255A8A} = {CEAAFFE1-ED9F-4663-A61F-7C1DB8255A8A}
	EndProjectSection
EndProject
Project("{8BC9CEB8-8B4A-11D0-8D11-00A0C91BC942}") = "examplecs", "examplecs.vcproj", "{CEAAFFE1-ED9F-4663-A61F-7C1DB8255A8A}"
	ProjectSection(ProjectDependencies) = postProject
		{00765F0C-D3F0-43D0-A49C-73E50F0A1364} = {00765F0C-D3F0-43D0-A49C-73E50F0A1364}
	EndProjectSection
EndProject
Project("{8BC9CEB8-8B4A-11D0-8D11-00A0C91BC942}") = "examplepy", "examplepy.vcproj", "{354E311B-D1D4-4E4E-AA9B-BC141DD3419D}"
	ProjectSection(ProjectDependencies) = postProject
		{00765F0C-D3F0-43D0-A49C-73E50F0A1364} = {00765F0C-D3F0-43D0-A49C-73E50F0A1364}
	EndProjectSection
EndProject
Global
	GlobalSection(SolutionConfigurationPlatforms) = preSolution
		Debug|Mixed Platforms = Debug|Mixed Platforms
		Debug|Win32 = Debug|Win32
		Debug|x64 = Debug|x64
		Debug|x86 = Debug|x86
		Release|Mixed Platforms = Release|Mixed Platforms
		Release|Win32 = Release|Win32
		Release|x64 = Release|x64
		Release|x86 = Release|x86
	EndGlobalSection
	GlobalSection(ProjectConfigurationPlatforms) = postSolution
		{00765F0C-D3F0-43D0-A49C-73E50F0A1364}.Debug|Mixed Platforms.ActiveCfg = Debug|Win32
		{00765F0C-D3F0-43D0-A49C-73E50F0A1364}.Debug|Mixed Platforms.Build.0 = Debug|Win32
		{00765F0C-D3F0-43D0-A49C-73E50F0A1364}.Debug|Win32.ActiveCfg = Debug|Win32
		{00765F0C-D3F0-43D0-A49C-73E50F0A1364}.Debug|Win32.Build.0 = Debug|Win32
		{00765F0C-D3F0-43D0-A49C-73E50F0A1364}.Debug|x64.ActiveCfg = Debug|Win32
		{00765F0C-D3F0-43D0-A49C-73E50F0A1364}.Debug|x86.ActiveCfg = Debug|Win32
		{00765F0C-D3F0-43D0-A49C-73E50F0A1364}.Release|Mixed Platforms.ActiveCfg = Release|Win32
		{00765F0C-D3F0-43D0-A49C-73E50F0A1364}.Release|Mixed Platforms.Build.0 = Release|Win32
		{00765F0C-D3F0-43D0-A49C-73E50F0A1364}.Release|Win32.ActiveCfg = Release|Win32
		{00765F0C-D3F0-43D0-A49C-73E50F0A1364}.Release|Win32.Build.0 = Release|Win32
		{00765F0C-D3F0-43D0-A49C-73E50F0A1364}.Release|x64.ActiveCfg = Release|Win32
		{00765F0C-D3F0-43D0-A49C-73E50F0A1364}.Release|x86.ActiveCfg = Release|Win32
		{83C86DAE-68E9-4674-8CAE-3E29D35DC426}.Debug|Mixed Platforms.ActiveCfg = Debug|Any CPU
		{83C86DAE-68E9-4674-8CAE-3E29D35DC426}.Debug|Mixed Platforms.Build.0 = Debug|Any CPU
		{83C86DAE-68E9-4674-8CAE-3E29D35DC426}.Debug|Win32.ActiveCfg = Debug|x86
		{83C86DAE-68E9-4674-8CAE-3E29D35DC426}.Debug|Win32.Build.0 = Debug|x86
		{83C86DAE-68E9-4674-8CAE-3E29D35DC426}.Debug|x64.ActiveCfg = Debug|x64
		{83C86DAE-68E9-4674-8CAE-3E29D35DC426}.Debug|x86.ActiveCfg = Debug|x86
		{83C86DAE-68E9-4674-8CAE-3E29D35DC426}.Debug|x86.Build.0 = Debug|x86
		{83C86DAE-68E9-4674-8CAE-3E29D35DC426}.Release|Mixed Platforms.ActiveCfg = Release|Any CPU
		{83C86DAE-68E9-4674-8CAE-3E29D35DC426}.Release|Mixed Platforms.Build.0 = Release|Any CPU
		{83C86DAE-68E9-4674-8CAE-3E29D35DC426}.Release|Win32.ActiveCfg = Release|x86
		{83C86DAE-68E9-4674-8CAE-3E29D35DC426}.Release|Win32.Build.0 = Release|x86
		{83C86DAE-68E9-4674-8CAE-3E29D35DC426}.Release|x64.ActiveCfg = Release|x64
		{83C86DAE-68E9-4674-8CAE-3E29D35DC426}.Release|x86.ActiveCfg = Release|x86
		{83C86DAE-68E9-4674-8CAE-3E29D35DC426}.Release|x86.Build.0 = Release|x86
		{CEAAFFE1-ED9F-4663-A61F-7C1DB8255A8A}.Debug|Mixed Platforms.ActiveCfg = Debug|Win32
		{CEAAFFE1-ED9F-4663-A61F-7C1DB8255A8A}.Debug|Mixed Platforms.Build.0 = Debug|Win32
		{CEAAFFE1-ED9F-4663-A61F-7C1DB8255A8A}.Debug|Win32.ActiveCfg = Debug|Win32
		{CEAAFFE1-ED9F-4663-A61F-7C1DB8255A8A}.Debug|Win32.Build.0 = Debug|Win32
		{CEAAFFE1-ED9F-4663-A61F-7C1DB8255A8A}.Debug|x64.ActiveCfg = Debug|Win32
		{CEAAFFE1-ED9F-4663-A61F-7C1DB8255A8A}.Debug|x86.ActiveCfg = Debug|Win32
		{CEAAFFE1-ED9F-4663-A61F-7C1DB8255A8A}.Release|Mixed Platforms.ActiveCfg = Release|Win32
		{CEAAFFE1-ED9F-4663-A61F-7C1DB8255A8A}.Release|Mixed Platforms.Build.0 = Release|Win32
		{CEAAFFE1-ED9F-4663-A61F-7C1DB8255A8A}.Release|Win32.ActiveCfg = Release|Win32
		{CEAAFFE1-ED9F-4663-A61F-7C1DB8255A8A}.Release|Win32.Build.0 = Release|Win32
		{CEAAFFE1-ED9F-4663-A61F-7C1DB8255A8A}.Release|x64.ActiveCfg = Release|Win32
		{CEAAFFE1-ED9F-4663-A61F-7C1DB8255A8A}.Release|x86.ActiveCfg = Release|Win32
		{354E311B-D1D4-4E4E-AA9B-BC141DD3419D}.Debug|Mixed Platforms.ActiveCfg = Debug|Win32
		{354E311B-D1D4-4E4E-AA9B-BC141DD3419D}.Debug|Mixed Platforms.Build.0 = Debug|Win32
		{354E311B-D1D4-4E4E-AA9B-BC141DD3419D}.Debug|Win32.ActiveCfg = Debug|Win32
		{354E311B-D1D4-4E4E-AA9B-BC141DD3419D}.Debug|Win32.Build.0 = Debug|Win32
		{354E311B-D1D4-4E4E-AA9B-BC141DD3419D}.Debug|x64.ActiveCfg = Debug|Win32
		{354E311B-D1D4-4E4E-AA9B-BC141DD3419D}.Debug|x86.ActiveCfg = Debug|Win32
		{354E311B-D1D4-4E4E-AA9B-BC141DD3419D}.Release|Mixed Platforms.ActiveCfg = Release|Win32
		{354E311B-D1D4-4E4E-AA9B-BC141DD3419D}.Release|Mixed Platforms.Build.0 = Release|Win32
		{354E311B-D1D4-4E4E-AA9B-BC141DD3419D}.Release|Win32.ActiveCfg = Release|Win32
		{354E311B-D1D4-4E4E-AA9B-BC141DD3419D}.Release|Win32.Build.0 = Release|Win32
		{354E311B-D1D4-4E4E-AA9B-BC141DD3419D}.Release|x64.ActiveCfg = Release|Win32
		{354E311B-D1D4-4E4E-AA9B-BC141DD3419D}.Release|x86.ActiveCfg = Release|Win32
	EndGlobalSection
	GlobalSection(SolutionProperties) = preSolution
		HideSolutionNode = FALSE
	EndGlobalSection
EndGlobal
